// !$*UTF8*$!
{
	archiveVersion = 1;
	classes = {
	};
	objectVersion = 48;
	objects = {

/* Begin PBXBuildFile section */
		7179F4911F90042F00F63E92 /* AppDelegate.swift in Sources */ = {isa = PBXBuildFile; fileRef = 7179F4901F90042F00F63E92 /* AppDelegate.swift */; };
		7179F4931F90042F00F63E92 /* DrawingVC.swift in Sources */ = {isa = PBXBuildFile; fileRef = 7179F4921F90042F00F63E92 /* DrawingVC.swift */; };
		7179F4961F90042F00F63E92 /* Main.storyboard in Resources */ = {isa = PBXBuildFile; fileRef = 7179F4941F90042F00F63E92 /* Main.storyboard */; };
		7179F4981F90042F00F63E92 /* Assets.xcassets in Resources */ = {isa = PBXBuildFile; fileRef = 7179F4971F90042F00F63E92 /* Assets.xcassets */; };
		7179F49B1F90042F00F63E92 /* LaunchScreen.storyboard in Resources */ = {isa = PBXBuildFile; fileRef = 7179F4991F90042F00F63E92 /* LaunchScreen.storyboard */; };
		7179F4A31F90230300F63E92 /* Handwriting.mlmodel in Sources */ = {isa = PBXBuildFile; fileRef = 7179F4A21F90230300F63E92 /* Handwriting.mlmodel */; };
/* End PBXBuildFile section */

/* Begin PBXFileReference section */
		7179F48D1F90042F00F63E92 /* handwriting-machine-takeover.app */ = {isa = PBXFileReference; explicitFileType = wrapper.application; includeInIndex = 0; path = "handwriting-machine-takeover.app"; sourceTree = BUILT_PRODUCTS_DIR; };
		7179F4901F90042F00F63E92 /* AppDelegate.swift */ = {isa = PBXFileReference; lastKnownFileType = sourcecode.swift; path = AppDelegate.swift; sourceTree = "<group>"; };
		7179F4921F90042F00F63E92 /* DrawingVC.swift */ = {isa = PBXFileReference; lastKnownFileType = sourcecode.swift; path = DrawingVC.swift; sourceTree = "<group>"; };
		7179F4951F90042F00F63E92 /* Base */ = {isa = PBXFileReference; lastKnownFileType = file.storyboard; name = Base; path = Base.lproj/Main.storyboard; sourceTree = "<group>"; };
		7179F4971F90042F00F63E92 /* Assets.xcassets */ = {isa = PBXFileReference; lastKnownFileType = folder.assetcatalog; path = Assets.xcassets; sourceTree = "<group>"; };
		7179F49A1F90042F00F63E92 /* Base */ = {isa = PBXFileReference; lastKnownFileType = file.storyboard; name = Base; path = Base.lproj/LaunchScreen.storyboard; sourceTree = "<group>"; };
		7179F49C1F90042F00F63E92 /* Info.plist */ = {isa = PBXFileReference; lastKnownFileType = text.plist.xml; path = Info.plist; sourceTree = "<group>"; };
		7179F4A21F90230300F63E92 /* Handwriting.mlmodel */ = {isa = PBXFileReference; lastKnownFileType = file.mlmodel; path = Handwriting.mlmodel; sourceTree = "<group>"; };
/* End PBXFileReference section */

/* Begin PBXFrameworksBuildPhase section */
		7179F48A1F90042F00F63E92 /* Frameworks */ = {
			isa = PBXFrameworksBuildPhase;
			buildActionMask = 2147483647;
			files = (
			);
			runOnlyForDeploymentPostprocessing = 0;
		};
/* End PBXFrameworksBuildPhase section */

/* Begin PBXGroup section */
		7179F4841F90042F00F63E92 = {
			isa = PBXGroup;
			children = (
				7179F48F1F90042F00F63E92 /* handwriting-machine-takeover */,
				7179F48E1F90042F00F63E92 /* Products */,
			);
			sourceTree = "<group>";
		};
		7179F48E1F90042F00F63E92 /* Products */ = {
			isa = PBXGroup;
			children = (
				7179F48D1F90042F00F63E92 /* handwriting-machine-takeover.app */,
			);
			name = Products;
			sourceTree = "<group>";
		};
		7179F48F1F90042F00F63E92 /* handwriting-machine-takeover */ = {
			isa = PBXGroup;
			children = (
				7179F4901F90042F00F63E92 /* AppDelegate.swift */,
				7179F4921F90042F00F63E92 /* DrawingVC.swift */,
				7179F4A21F90230300F63E92 /* Handwriting.mlmodel */,
				7179F4941F90042F00F63E92 /* Main.storyboard */,
				7179F4971F90042F00F63E92 /* Assets.xcassets */,
				7179F4991F90042F00F63E92 /* LaunchScreen.storyboard */,
				7179F49C1F90042F00F63E92 /* Info.plist */,
			);
			path = "handwriting-machine-takeover";
			sourceTree = "<group>";
		};
/* End PBXGroup section */

/* Begin PBXNativeTarget section */
		7179F48C1F90042F00F63E92 /* handwriting-machine-takeover */ = {
			isa = PBXNativeTarget;
			buildConfigurationList = 7179F49F1F90042F00F63E92 /* Build configuration list for PBXNativeTarget "handwriting-machine-takeover" */;
			buildPhases = (
				7179F4891F90042F00F63E92 /* Sources */,
				7179F48A1F90042F00F63E92 /* Frameworks */,
				7179F48B1F90042F00F63E92 /* Resources */,
			);
			buildRules = (
			);
			dependencies = (
			);
			name = "handwriting-machine-takeover";
			productName = "handwriting-machine-takeover";
			productReference = 7179F48D1F90042F00F63E92 /* handwriting-machine-takeover.app */;
			productType = "com.apple.product-type.application";
		};
/* End PBXNativeTarget section */

/* Begin PBXProject section */
		7179F4851F90042F00F63E92 /* Project object */ = {
			isa = PBXProject;
			attributes = {
				LastSwiftUpdateCheck = 0910;
				LastUpgradeCheck = 0910;
				ORGANIZATIONNAME = "Caleb Stultz";
				TargetAttributes = {
					7179F48C1F90042F00F63E92 = {
						CreatedOnToolsVersion = 9.1;
						ProvisioningStyle = Automatic;
					};
				};
			};
			buildConfigurationList = 7179F4881F90042F00F63E92 /* Build configuration list for PBXProject "handwriting-machine-takeover" */;
			compatibilityVersion = "Xcode 8.0";
			developmentRegion = en;
			hasScannedForEncodings = 0;
			knownRegions = (
				en,
				Base,
			);
			mainGroup = 7179F4841F90042F00F63E92;
			productRefGroup = 7179F48E1F90042F00F63E92 /* Products */;
			projectDirPath = "";
			projectRoot = "";
			targets = (
				7179F48C1F90042F00F63E92 /* handwriting-machine-takeover */,
			);
		};
/* End PBXProject section */

/* Begin PBXResourcesBuildPhase section */
		7179F48B1F90042F00F63E92 /* Resources */ = {
			isa = PBXResourcesBuildPhase;
			buildActionMask = 2147483647;
			files = (
				7179F49B1F90042F00F63E92 /* LaunchScreen.storyboard in Resources */,
				7179F4981F90042F00F63E92 /* Assets.xcassets in Resources */,
				7179F4961F90042F00F63E92 /* Main.storyboard in Resources */,
			);
			runOnlyForDeploymentPostprocessing = 0;
		};
/* End PBXResourcesBuildPhase section */

/* Begin PBXSourcesBuildPhase section */
		7179F4891F90042F00F63E92 /* Sources */ = {
			isa = PBXSourcesBuildPhase;
			buildActionMask = 2147483647;
			files = (
				7179F4A31F90230300F63E92 /* Handwriting.mlmodel in Sources */,
				7179F4931F90042F00F63E92 /* DrawingVC.swift in Sources */,
				7179F4911F90042F00F63E92 /* AppDelegate.swift in Sources */,
			);
			runOnlyForDeploymentPostprocessing = 0;
		};
/* End PBXSourcesBuildPhase section */

/* Begin PBXVariantGroup section */
		7179F4941F90042F00F63E92 /* Main.storyboard */ = {
			isa = PBXVariantGroup;
			children = (
				7179F4951F90042F00F63E92 /* Base */,
			);
			name = Main.storyboard;
			sourceTree = "<group>";
		};
		7179F4991F90042F00F63E92 /* LaunchScreen.storyboard */ = {
			isa = PBXVariantGroup;
			children = (
				7179F49A1F90042F00F63E92 /* Base */,
			);
			name = LaunchScreen.storyboard;
			sourceTree = "<group>";
		};
/* End PBXVariantGroup section */

/* Begin XCBuildConfiguration section */
		7179F49D1F90042F00F63E92 /* Debug */ = {
			isa = XCBuildConfiguration;
			buildSettings = {
				ALWAYS_SEARCH_USER_PATHS = NO;
				CLANG_ANALYZER_NONNULL = YES;
				CLANG_ANALYZER_NUMBER_OBJECT_CONVERSION = YES_AGGRESSIVE;
				CLANG_CXX_LANGUAGE_STANDARD = "gnu++14";
				CLANG_CXX_LIBRARY = "libc++";
				CLANG_ENABLE_MODULES = YES;
				CLANG_ENABLE_OBJC_ARC = YES;
				CLANG_WARN_BLOCK_CAPTURE_AUTORELEASING = YES;
				CLANG_WARN_BOOL_CONVERSION = YES;
				CLANG_WARN_COMMA = YES;
				CLANG_WARN_CONSTANT_CONVERSION = YES;
				CLANG_WARN_DIRECT_OBJC_ISA_USAGE = YES_ERROR;
				CLANG_WARN_DOCUMENTATION_COMMENTS = YES;
				CLANG_WARN_EMPTY_BODY = YES;
				CLANG_WARN_ENUM_CONVERSION = YES;
				CLANG_WARN_INFINITE_RECURSION = YES;
				CLANG_WARN_INT_CONVERSION = YES;
				CLANG_WARN_NON_LITERAL_NULL_CONVERSION = YES;
				CLANG_WARN_OBJC_LITERAL_CONVERSION = YES;
				CLANG_WARN_OBJC_ROOT_CLASS = YES_ERROR;
				CLANG_WARN_RANGE_LOOP_ANALYSIS = YES;
				CLANG_WARN_STRICT_PROTOTYPES = YES;
				CLANG_WARN_SUSPICIOUS_MOVE = YES;
				CLANG_WARN_UNGUARDED_AVAILABILITY = YES_AGGRESSIVE;
				CLANG_WARN_UNREACHABLE_CODE = YES;
				CLANG_WARN__DUPLICATE_METHOD_MATCH = YES;
				CODE_SIGN_IDENTITY = "iPhone Developer";
				COPY_PHASE_STRIP = NO;
				DEBUG_INFORMATION_FORMAT = dwarf;
				ENABLE_STRICT_OBJC_MSGSEND = YES;
				ENABLE_TESTABILITY = YES;
				GCC_C_LANGUAGE_STANDARD = gnu11;
				GCC_DYNAMIC_NO_PIC = NO;
				GCC_NO_COMMON_BLOCKS = YES;
				GCC_OPTIMIZATION_LEVEL = 0;
				GCC_PREPROCESSOR_DEFINITIONS = (
					"DEBUG=1",
					"$(inherited)",
				);
				GCC_WARN_64_TO_32_BIT_CONVERSION = YES;
				GCC_WARN_ABOUT_RETURN_TYPE = YES_ERROR;
				GCC_WARN_UNDECLARED_SELECTOR = YES;
				GCC_WARN_UNINITIALIZED_AUTOS = YES_AGGRESSIVE;
				GCC_WARN_UNUSED_FUNCTION = YES;
				GCC_WARN_UNUSED_VARIABLE = YES;
				IPHONEOS_DEPLOYMENT_TARGET = 11.1;
				MTL_ENABLE_DEBUG_INFO = YES;
				ONLY_ACTIVE_ARCH = YES;
				SDKROOT = iphoneos;
				SWIFT_ACTIVE_COMPILATION_CONDITIONS = DEBUG;
				SWIFT_OPTIMIZATION_LEVEL = "-Onone";
			};
			name = Debug;
		};
		7179F49E1F90042F00F63E92 /* Release */ = {
			isa = XCBuildConfiguration;
			buildSettings = {
				ALWAYS_SEARCH_USER_PATHS = NO;
				CLANG_ANALYZER_NONNULL = YES;
				CLANG_ANALYZER_NUMBER_OBJECT_CONVERSION = YES_AGGRESSIVE;
				CLANG_CXX_LANGUAGE_STANDARD = "gnu++14";
				CLANG_CXX_LIBRARY = "libc++";
				CLANG_ENABLE_MODULES = YES;
				CLANG_ENABLE_OBJC_ARC = YES;
				CLANG_WARN_BLOCK_CAPTURE_AUTORELEASING = YES;
				CLANG_WARN_BOOL_CONVERSION = YES;
				CLANG_WARN_COMMA = YES;
				CLANG_WARN_CONSTANT_CONVERSION = YES;
				CLANG_WARN_DIRECT_OBJC_ISA_USAGE = YES_ERROR;
				CLANG_WARN_DOCUMENTATION_COMMENTS = YES;
				CLANG_WARN_EMPTY_BODY = YES;
				CLANG_WARN_ENUM_CONVERSION = YES;
				CLANG_WARN_INFINITE_RECURSION = YES;
				CLANG_WARN_INT_CONVERSION = YES;
				CLANG_WARN_NON_LITERAL_NULL_CONVERSION = YES;
				CLANG_WARN_OBJC_LITERAL_CONVERSION = YES;
				CLANG_WARN_OBJC_ROOT_CLASS = YES_ERROR;
				CLANG_WARN_RANGE_LOOP_ANALYSIS = YES;
				CLANG_WARN_STRICT_PROTOTYPES = YES;
				CLANG_WARN_SUSPICIOUS_MOVE = YES;
				CLANG_WARN_UNGUARDED_AVAILABILITY = YES_AGGRESSIVE;
				CLANG_WARN_UNREACHABLE_CODE = YES;
				CLANG_WARN__DUPLICATE_METHOD_MATCH = YES;
				CODE_SIGN_IDENTITY = "iPhone Developer";
				COPY_PHASE_STRIP = NO;
				DEBUG_INFORMATION_FORMAT = "dwarf-with-dsym";
				ENABLE_NS_ASSERTIONS = NO;
				ENABLE_STRICT_OBJC_MSGSEND = YES;
				GCC_C_LANGUAGE_STANDARD = gnu11;
				GCC_NO_COMMON_BLOCKS = YES;
				GCC_WARN_64_TO_32_BIT_CONVERSION = YES;
				GCC_WARN_ABOUT_RETURN_TYPE = YES_ERROR;
				GCC_WARN_UNDECLARED_SELECTOR = YES;
				GCC_WARN_UNINITIALIZED_AUTOS = YES_AGGRESSIVE;
				GCC_WARN_UNUSED_FUNCTION = YES;
				GCC_WARN_UNUSED_VARIABLE = YES;
				IPHONEOS_DEPLOYMENT_TARGET = 11.1;
				MTL_ENABLE_DEBUG_INFO = NO;
				SDKROOT = iphoneos;
				SWIFT_OPTIMIZATION_LEVEL = "-Owholemodule";
				VALIDATE_PRODUCT = YES;
			};
			name = Release;
		};
		7179F4A01F90042F00F63E92 /* Debug */ = {
			isa = XCBuildConfiguration;
			buildSettings = {
				ASSETCATALOG_COMPILER_APPICON_NAME = AppIcon;
				CODE_SIGN_STYLE = Automatic;
				DEVELOPMENT_TEAM = T7ND4PW9WS;
				INFOPLIST_FILE = "handwriting-machine-takeover/Info.plist";
				LD_RUNPATH_SEARCH_PATHS = "$(inherited) @executable_path/Frameworks";
				PRODUCT_BUNDLE_IDENTIFIER = "com.devslopes.handwriting-machine-takeover";
				PRODUCT_NAME = "$(TARGET_NAME)";
				SWIFT_VERSION = 4.0;
				TARGETED_DEVICE_FAMILY = "1,2";
			};
			name = Debug;
		};
		7179F4A11F90042F00F63E92 /* Release */ = {
			isa = XCBuildConfiguration;
			buildSettings = {
				ASSETCATALOG_COMPILER_APPICON_NAME = AppIcon;
				CODE_SIGN_STYLE = Automatic;
				DEVELOPMENT_TEAM = T7ND4PW9WS;
				INFOPLIST_FILE = "handwriting-machine-takeover/Info.plist";
				LD_RUNPATH_SEARCH_PATHS = "$(inherited) @executable_path/Frameworks";
				PRODUCT_BUNDLE_IDENTIFIER = "com.devslopes.handwriting-machine-takeover";
				PRODUCT_NAME = "$(TARGET_NAME)";
				SWIFT_VERSION = 4.0;
				TARGETED_DEVICE_FAMILY = "1,2";
			};
			name = Release;
		};
/* End XCBuildConfiguration section */

/* Begin XCConfigurationList section */
		7179F4881F90042F00F63E92 /* Build configuration list for PBXProject "handwriting-machine-takeover" */ = {
			isa = XCConfigurationList;
			buildConfigurations = (
				7179F49D1F90042F00F63E92 /* Debug */,
				7179F49E1F90042F00F63E92 /* Release */,
			);
			defaultConfigurationIsVisible = 0;
			defaultConfigurationName = Release;
		};
		7179F49F1F90042F00F63E92 /* Build configuration list for PBXNativeTarget "handwriting-machine-takeover" */ = {
			isa = XCConfigurationList;
			buildConfigurations = (
				7179F4A01F90042F00F63E92 /* Debug */,
				7179F4A11F90042F00F63E92 /* Release */,
			);
			defaultConfigurationIsVisible = 0;
			defaultConfigurationName = Release;
		};
/* End XCConfigurationList section */
	};
	rootObject = 7179F4851F90042F00F63E92 /* Project object */;
}
